
Microsoft Visual Studio Solution File, Format Version 12.00
# Visual Studio Version 17
VisualStudioVersion = 17.2.32519.379
MinimumVisualStudioVersion = 10.0.40219.1
Project("{9A19103F-16F7-4668-BE54-9A1E7A4F7556}") = "NotepadApp", "NotepadApp\NotepadApp.csproj", "{F8F8B1F5-277D-498F-BD77-513796D1263F}"
EndProject
Global
	GlobalSection(SolutionConfigurationPlatforms) = preSolution
		Debug|Any CPU = Debug|Any CPU
		Release|Any CPU = Release|Any CPU
	EndGlobalSection
	GlobalSection(ProjectConfigurationPlatforms) = postSolution
		{F8F8B1F5-277D-498F-BD77-513796D1263F}.Debug|Any CPU.ActiveCfg = Debug|Any CPU
		{F8F8B1F5-277D-498F-BD77-513796D1263F}.Debug|Any CPU.Build.0 = Debug|Any CPU
		{F8F8B1F5-277D-498F-BD77-513796D1263F}.Release|Any CPU.ActiveCfg = Release|Any CPU
		{F8F8B1F5-277D-498F-BD77-513796D1263F}.Release|Any CPU.Build.0 = Release|Any CPU
	EndGlobalSection
	GlobalSection(SolutionProperties) = preSolution
		HideSolutionNode = FALSE
	EndGlobalSection
	GlobalSection(ExtensibilityGlobals) = postSolution
		SolutionGuid = {C0CC1850-0922-436F-B5A9-E55412BF6B2F}
	EndGlobalSection
EndGlobal
